# THIS IS AN AUTOGENERATED FILE. DO NOT EDIT THIS FILE DIRECTLY.
# yarn lockfile v1


"js-tokens@^3.0.0 || ^4.0.0":
  version "4.0.0"
  resolved "https://registry.yarnpkg.com/js-tokens/-/js-tokens-4.0.0.tgz#19203fb59991df98e3a287050d4647cdeaf32499"
  integrity sha512-RdJUflcE3cUzKiMqQgsCu06FPu9UdIJO0beYbPhHN4k6apgJtifcoCtT9bcxOpYBtpD2kCM6Sbzg4CausW/PKQ==

loose-envify@^1.1.0:
  version "1.4.0"
  resolved "https://registry.yarnpkg.com/loose-envify/-/loose-envify-1.4.0.tgz#71ee51fa7be4caec1a63839f7e682d8132d30caf"
  integrity sha512-lyuxPGr/Wfhrlem2CL/UcnUc1zcqKAImBDzukY7Y5F/yQiNdko6+fRLevlw1HgMySw7f611UIY408EtxRSoK3Q==
  dependencies:
    js-tokens "^3.0.0 || ^4.0.0"

object-assign@^4.1.1:
  version "4.1.1"
  resolved "https://registry.yarnpkg.com/object-assign/-/object-assign-4.1.1.tgz#2109adc7965887cfc05cbbd442cac8bfbb360863"
  integrity sha1-IQmtx5ZYh8/AXLvUQsrIv7s2CGM=

react-dom@^18.0.0-alpha-1314299c7-20210901:
  version "18.0.0-alpha-1314299c7-20210901"
  resolved "https://registry.yarnpkg.com/react-dom/-/react-dom-18.0.0-alpha-1314299c7-20210901.tgz#752f8ba787d1ff07af3f1f0060f5b7b0058785a5"
  integrity sha512-N8cUoDV3Byn/7Qbv/wH93ZVsAi1oCMmnDY3+jTV1Bn9td51WCO8KTyIEZh3tav3WjTJRMNd6tHg/G7jCUmmVBg==
  dependencies:
    loose-envify "^1.1.0"
    object-assign "^4.1.1"
    scheduler "0.21.0-alpha-1314299c7-20210901"

react@^18.0.0-alpha-1314299c7-20210901:
  version "18.0.0-alpha-1314299c7-20210901"
  resolved "https://registry.yarnpkg.com/react/-/react-18.0.0-alpha-1314299c7-20210901.tgz#3d9e66eb8523711c32560efcaacddb38369db8f4"
  integrity sha512-5a0UD/5rIQ7MfDWXL4oPOv+/kh0iBGdFl8gBlCa9oO9lLk0fpET3YUWhYFPHlnotPVPVDajY4UjvnbFQh2bbnQ==
  dependencies:
    loose-envify "^1.1.0"
    object-assign "^4.1.1"

scheduler@0.21.0-alpha-1314299c7-20210901:
  version "0.21.0-alpha-1314299c7-20210901"
  resolved "https://registry.yarnpkg.com/scheduler/-/scheduler-0.21.0-alpha-1314299c7-20210901.tgz#357f9799184f44248774d9d1918bc4a1172e4043"
  integrity sha512-nNBRT6Aopq8RYvHdAdDI00TLr3QYeFNzEILCjbI3+1w6RyGH1C2l1jXWTSZTMQIPI/fREEOFyR3xRUjeuW8fmg==
  dependencies:
    loose-envify "^1.1.0"
    object-assign "^4.1.1"
